PODS:
  - FanMenu (0.7.3):
    - Macaw
  - Macaw (0.9.5):
    - SWXMLHash
  - SWXMLHash (5.0.1)

DEPENDENCIES:
  - FanMenu

SPEC REPOS:
  trunk:
    - FanMenu
    - Macaw
    - SWXMLHash

SPEC CHECKSUMS:
  FanMenu: 44d06d35b0382daf6b6aaf78b57a7b9693fbb6e7
  Macaw: 10bf9e327cb75f24e3225d5229a80ed544df85f0
  SWXMLHash: 9cc0c2e4807926c74377724aa8722ee5707a0485

PODFILE CHECKSUM: 7528c7d670eecaac2412478adfa49e24780ffc89

COCOAPODS: 1.8.4
