// !$*UTF8*$!
{
	archiveVersion = 1;
	classes = {
	};
	objectVersion = 51;
	objects = {

/* Begin PBXBuildFile section */
		028F6629237A2C0A00FFEF75 /* FavouriteViewController.swift in Sources */ = {isa = PBXBuildFile; fileRef = 028F6628237A2C0A00FFEF75 /* FavouriteViewController.swift */; };
		02F5576C2375D320006F8DC9 /* AppDelegate.swift in Sources */ = {isa = PBXBuildFile; fileRef = 02F5576B2375D320006F8DC9 /* AppDelegate.swift */; };
		02F5576E2375D320006F8DC9 /* SceneDelegate.swift in Sources */ = {isa = PBXBuildFile; fileRef = 02F5576D2375D320006F8DC9 /* SceneDelegate.swift */; };
		02F557702375D320006F8DC9 /* ViewController.swift in Sources */ = {isa = PBXBuildFile; fileRef = 02F5576F2375D320006F8DC9 /* ViewController.swift */; };
		02F557732375D320006F8DC9 /* Main.storyboard in Resources */ = {isa = PBXBuildFile; fileRef = 02F557712375D320006F8DC9 /* Main.storyboard */; };
		02F557762375D320006F8DC9 /* BookSearchLibrary.xcdatamodeld in Sources */ = {isa = PBXBuildFile; fileRef = 02F557742375D320006F8DC9 /* BookSearchLibrary.xcdatamodeld */; };
		02F557782375D323006F8DC9 /* Assets.xcassets in Resources */ = {isa = PBXBuildFile; fileRef = 02F557772375D323006F8DC9 /* Assets.xcassets */; };
		02F5577B2375D323006F8DC9 /* LaunchScreen.storyboard in Resources */ = {isa = PBXBuildFile; fileRef = 02F557792375D323006F8DC9 /* LaunchScreen.storyboard */; };
		02F5578523763EDE006F8DC9 /* DecodaleNetwork.swift in Sources */ = {isa = PBXBuildFile; fileRef = 02F5578423763EDE006F8DC9 /* DecodaleNetwork.swift */; };
		02F5578B23764D2D006F8DC9 /* PictureService.swift in Sources */ = {isa = PBXBuildFile; fileRef = 02F5578A23764D2D006F8DC9 /* PictureService.swift */; };
		02F5578D2376599A006F8DC9 /* BookSearchViewController.swift in Sources */ = {isa = PBXBuildFile; fileRef = 02F5578C2376599A006F8DC9 /* BookSearchViewController.swift */; };
		02F5578F23765B38006F8DC9 /* BookSearchCollectionViewCell.swift in Sources */ = {isa = PBXBuildFile; fileRef = 02F5578E23765B38006F8DC9 /* BookSearchCollectionViewCell.swift */; };
		02F5579123776AF3006F8DC9 /* BookModelView.swift in Sources */ = {isa = PBXBuildFile; fileRef = 02F5579023776AF3006F8DC9 /* BookModelView.swift */; };
		3F759690237C97E20037CCA2 /* FavouriteBooksViewModel.swift in Sources */ = {isa = PBXBuildFile; fileRef = 3F75968F237C97E20037CCA2 /* FavouriteBooksViewModel.swift */; };
		3F759692237C99C80037CCA2 /* BooksTabBarController.swift in Sources */ = {isa = PBXBuildFile; fileRef = 3F759691237C99C80037CCA2 /* BooksTabBarController.swift */; };
		3F759694237C9B4A0037CCA2 /* BookUpdateDelegate.swift in Sources */ = {isa = PBXBuildFile; fileRef = 3F759693237C9B4A0037CCA2 /* BookUpdateDelegate.swift */; };
		3F759696237C9EA20037CCA2 /* FavouriteBookTableViewCell.swift in Sources */ = {isa = PBXBuildFile; fileRef = 3F759695237C9EA20037CCA2 /* FavouriteBookTableViewCell.swift */; };
		3F759699237CA1340037CCA2 /* alphabetized-cassette-tapes.ttf in Resources */ = {isa = PBXBuildFile; fileRef = 3F759697237C9F730037CCA2 /* alphabetized-cassette-tapes.ttf */; };
		3F75969C237CA66E0037CCA2 /* CoreDataManager.swift in Sources */ = {isa = PBXBuildFile; fileRef = 3F75969B237CA66E0037CCA2 /* CoreDataManager.swift */; };
		3F75969E237CA8580037CCA2 /* BookModel+Equatable.swift in Sources */ = {isa = PBXBuildFile; fileRef = 3F75969D237CA8580037CCA2 /* BookModel+Equatable.swift */; };
		3F7596B8237CA8F70037CCA2 /* ImageLinks+CoreDataClass.swift in Sources */ = {isa = PBXBuildFile; fileRef = 3F7596B0237CA8F70037CCA2 /* ImageLinks+CoreDataClass.swift */; };
		3F7596B9237CA8F70037CCA2 /* BookModel+CoreDataClass.swift in Sources */ = {isa = PBXBuildFile; fileRef = 3F7596B1237CA8F70037CCA2 /* BookModel+CoreDataClass.swift */; };
		3F7596BA237CA8F70037CCA2 /* BookModelResponse+CoreDataProperties.swift in Sources */ = {isa = PBXBuildFile; fileRef = 3F7596B2237CA8F70037CCA2 /* BookModelResponse+CoreDataProperties.swift */; };
		3F7596BB237CA8F70037CCA2 /* BookModelResponse+CoreDataClass.swift in Sources */ = {isa = PBXBuildFile; fileRef = 3F7596B3237CA8F70037CCA2 /* BookModelResponse+CoreDataClass.swift */; };
		3F7596BC237CA8F70037CCA2 /* ImageLinks+CoreDataProperties.swift in Sources */ = {isa = PBXBuildFile; fileRef = 3F7596B4237CA8F70037CCA2 /* ImageLinks+CoreDataProperties.swift */; };
		3F7596BD237CA8F70037CCA2 /* VolumeInfo+CoreDataClass.swift in Sources */ = {isa = PBXBuildFile; fileRef = 3F7596B5237CA8F70037CCA2 /* VolumeInfo+CoreDataClass.swift */; };
		3F7596BE237CA8F70037CCA2 /* BookModel+CoreDataProperties.swift in Sources */ = {isa = PBXBuildFile; fileRef = 3F7596B6237CA8F70037CCA2 /* BookModel+CoreDataProperties.swift */; };
		3F7596BF237CA8F70037CCA2 /* VolumeInfo+CoreDataProperties.swift in Sources */ = {isa = PBXBuildFile; fileRef = 3F7596B7237CA8F70037CCA2 /* VolumeInfo+CoreDataProperties.swift */; };
		3F7596C1237CAA620037CCA2 /* CoreData+Decodable.swift in Sources */ = {isa = PBXBuildFile; fileRef = 3F7596C0237CAA620037CCA2 /* CoreData+Decodable.swift */; };
		3FCD1C93237CAB3700ED91A7 /* DecodableNetwork+CoreData.swift in Sources */ = {isa = PBXBuildFile; fileRef = 3FCD1C92237CAB3700ED91A7 /* DecodableNetwork+CoreData.swift */; };
		790981221A924A77FF549F07 /* Pods_BookSearchLibrary.framework in Frameworks */ = {isa = PBXBuildFile; fileRef = 4272491944F5467654E0CE70 /* Pods_BookSearchLibrary.framework */; };
/* End PBXBuildFile section */

/* Begin PBXFileReference section */
		028F6628237A2C0A00FFEF75 /* FavouriteViewController.swift */ = {isa = PBXFileReference; lastKnownFileType = sourcecode.swift; path = FavouriteViewController.swift; sourceTree = "<group>"; };
		02F557682375D320006F8DC9 /* BookSearchLibrary.app */ = {isa = PBXFileReference; explicitFileType = wrapper.application; includeInIndex = 0; path = BookSearchLibrary.app; sourceTree = BUILT_PRODUCTS_DIR; };
		02F5576B2375D320006F8DC9 /* AppDelegate.swift */ = {isa = PBXFileReference; lastKnownFileType = sourcecode.swift; path = AppDelegate.swift; sourceTree = "<group>"; };
		02F5576D2375D320006F8DC9 /* SceneDelegate.swift */ = {isa = PBXFileReference; lastKnownFileType = sourcecode.swift; path = SceneDelegate.swift; sourceTree = "<group>"; };
		02F5576F2375D320006F8DC9 /* ViewController.swift */ = {isa = PBXFileReference; lastKnownFileType = sourcecode.swift; path = ViewController.swift; sourceTree = "<group>"; };
		02F557722375D320006F8DC9 /* Base */ = {isa = PBXFileReference; lastKnownFileType = file.storyboard; name = Base; path = Base.lproj/Main.storyboard; sourceTree = "<group>"; };
		02F557752375D320006F8DC9 /* BookSearchLibrary.xcdatamodel */ = {isa = PBXFileReference; lastKnownFileType = wrapper.xcdatamodel; path = BookSearchLibrary.xcdatamodel; sourceTree = "<group>"; };
		02F557772375D323006F8DC9 /* Assets.xcassets */ = {isa = PBXFileReference; lastKnownFileType = folder.assetcatalog; path = Assets.xcassets; sourceTree = "<group>"; };
		02F5577A2375D323006F8DC9 /* Base */ = {isa = PBXFileReference; lastKnownFileType = file.storyboard; name = Base; path = Base.lproj/LaunchScreen.storyboard; sourceTree = "<group>"; };
		02F5577C2375D323006F8DC9 /* Info.plist */ = {isa = PBXFileReference; lastKnownFileType = text.plist.xml; path = Info.plist; sourceTree = "<group>"; };
		02F55782237634AD006F8DC9 /* BookModel.swift */ = {isa = PBXFileReference; lastKnownFileType = sourcecode.swift; path = BookModel.swift; sourceTree = "<group>"; };
		02F5578423763EDE006F8DC9 /* DecodaleNetwork.swift */ = {isa = PBXFileReference; lastKnownFileType = sourcecode.swift; path = DecodaleNetwork.swift; sourceTree = "<group>"; };
		02F5578A23764D2D006F8DC9 /* PictureService.swift */ = {isa = PBXFileReference; lastKnownFileType = sourcecode.swift; path = PictureService.swift; sourceTree = "<group>"; };
		02F5578C2376599A006F8DC9 /* BookSearchViewController.swift */ = {isa = PBXFileReference; lastKnownFileType = sourcecode.swift; path = BookSearchViewController.swift; sourceTree = "<group>"; };
		02F5578E23765B38006F8DC9 /* BookSearchCollectionViewCell.swift */ = {isa = PBXFileReference; lastKnownFileType = sourcecode.swift; path = BookSearchCollectionViewCell.swift; sourceTree = "<group>"; };
		02F5579023776AF3006F8DC9 /* BookModelView.swift */ = {isa = PBXFileReference; lastKnownFileType = sourcecode.swift; path = BookModelView.swift; sourceTree = "<group>"; };
		3F75968F237C97E20037CCA2 /* FavouriteBooksViewModel.swift */ = {isa = PBXFileReference; lastKnownFileType = sourcecode.swift; path = FavouriteBooksViewModel.swift; sourceTree = "<group>"; };
		3F759691237C99C80037CCA2 /* BooksTabBarController.swift */ = {isa = PBXFileReference; lastKnownFileType = sourcecode.swift; path = BooksTabBarController.swift; sourceTree = "<group>"; };
		3F759693237C9B4A0037CCA2 /* BookUpdateDelegate.swift */ = {isa = PBXFileReference; lastKnownFileType = sourcecode.swift; path = BookUpdateDelegate.swift; sourceTree = "<group>"; };
		3F759695237C9EA20037CCA2 /* FavouriteBookTableViewCell.swift */ = {isa = PBXFileReference; lastKnownFileType = sourcecode.swift; path = FavouriteBookTableViewCell.swift; sourceTree = "<group>"; };
		3F759697237C9F730037CCA2 /* alphabetized-cassette-tapes.ttf */ = {isa = PBXFileReference; lastKnownFileType = file; path = "alphabetized-cassette-tapes.ttf"; sourceTree = "<group>"; };
		3F759698237CA0790037CCA2 /* README.md */ = {isa = PBXFileReference; lastKnownFileType = net.daringfireball.markdown; path = README.md; sourceTree = "<group>"; };
		3F75969B237CA66E0037CCA2 /* CoreDataManager.swift */ = {isa = PBXFileReference; lastKnownFileType = sourcecode.swift; path = CoreDataManager.swift; sourceTree = "<group>"; };
		3F75969D237CA8580037CCA2 /* BookModel+Equatable.swift */ = {isa = PBXFileReference; lastKnownFileType = sourcecode.swift; path = "BookModel+Equatable.swift"; sourceTree = "<group>"; };
		3F7596B0237CA8F70037CCA2 /* ImageLinks+CoreDataClass.swift */ = {isa = PBXFileReference; fileEncoding = 4; lastKnownFileType = sourcecode.swift; path = "ImageLinks+CoreDataClass.swift"; sourceTree = "<group>"; };
		3F7596B1237CA8F70037CCA2 /* BookModel+CoreDataClass.swift */ = {isa = PBXFileReference; fileEncoding = 4; lastKnownFileType = sourcecode.swift; path = "BookModel+CoreDataClass.swift"; sourceTree = "<group>"; };
		3F7596B2237CA8F70037CCA2 /* BookModelResponse+CoreDataProperties.swift */ = {isa = PBXFileReference; fileEncoding = 4; lastKnownFileType = sourcecode.swift; path = "BookModelResponse+CoreDataProperties.swift"; sourceTree = "<group>"; };
		3F7596B3237CA8F70037CCA2 /* BookModelResponse+CoreDataClass.swift */ = {isa = PBXFileReference; fileEncoding = 4; lastKnownFileType = sourcecode.swift; path = "BookModelResponse+CoreDataClass.swift"; sourceTree = "<group>"; };
		3F7596B4237CA8F70037CCA2 /* ImageLinks+CoreDataProperties.swift */ = {isa = PBXFileReference; fileEncoding = 4; lastKnownFileType = sourcecode.swift; path = "ImageLinks+CoreDataProperties.swift"; sourceTree = "<group>"; };
		3F7596B5237CA8F70037CCA2 /* VolumeInfo+CoreDataClass.swift */ = {isa = PBXFileReference; fileEncoding = 4; lastKnownFileType = sourcecode.swift; path = "VolumeInfo+CoreDataClass.swift"; sourceTree = "<group>"; };
		3F7596B6237CA8F70037CCA2 /* BookModel+CoreDataProperties.swift */ = {isa = PBXFileReference; fileEncoding = 4; lastKnownFileType = sourcecode.swift; path = "BookModel+CoreDataProperties.swift"; sourceTree = "<group>"; };
		3F7596B7237CA8F70037CCA2 /* VolumeInfo+CoreDataProperties.swift */ = {isa = PBXFileReference; fileEncoding = 4; lastKnownFileType = sourcecode.swift; path = "VolumeInfo+CoreDataProperties.swift"; sourceTree = "<group>"; };
		3F7596C0237CAA620037CCA2 /* CoreData+Decodable.swift */ = {isa = PBXFileReference; lastKnownFileType = sourcecode.swift; path = "CoreData+Decodable.swift"; sourceTree = "<group>"; };
		3FCD1C92237CAB3700ED91A7 /* DecodableNetwork+CoreData.swift */ = {isa = PBXFileReference; lastKnownFileType = sourcecode.swift; path = "DecodableNetwork+CoreData.swift"; sourceTree = "<group>"; };
		4272491944F5467654E0CE70 /* Pods_BookSearchLibrary.framework */ = {isa = PBXFileReference; explicitFileType = wrapper.framework; includeInIndex = 0; path = Pods_BookSearchLibrary.framework; sourceTree = BUILT_PRODUCTS_DIR; };
		6308A5E2B247AFA4873E5893 /* Pods-BookSearchLibrary.debug.xcconfig */ = {isa = PBXFileReference; includeInIndex = 1; lastKnownFileType = text.xcconfig; name = "Pods-BookSearchLibrary.debug.xcconfig"; path = "Target Support Files/Pods-BookSearchLibrary/Pods-BookSearchLibrary.debug.xcconfig"; sourceTree = "<group>"; };
		C0406BADAE554BCCB3E08D3D /* Pods-BookSearchLibrary.release.xcconfig */ = {isa = PBXFileReference; includeInIndex = 1; lastKnownFileType = text.xcconfig; name = "Pods-BookSearchLibrary.release.xcconfig"; path = "Target Support Files/Pods-BookSearchLibrary/Pods-BookSearchLibrary.release.xcconfig"; sourceTree = "<group>"; };
/* End PBXFileReference section */

/* Begin PBXFrameworksBuildPhase section */
		02F557652375D320006F8DC9 /* Frameworks */ = {
			isa = PBXFrameworksBuildPhase;
			buildActionMask = 2147483647;
			files = (
				790981221A924A77FF549F07 /* Pods_BookSearchLibrary.framework in Frameworks */,
			);
			runOnlyForDeploymentPostprocessing = 0;
		};
/* End PBXFrameworksBuildPhase section */

/* Begin PBXGroup section */
		02F5575F2375D320006F8DC9 = {
			isa = PBXGroup;
			children = (
				3F759698237CA0790037CCA2 /* README.md */,
				02F5576A2375D320006F8DC9 /* BookSearchLibrary */,
				02F557692375D320006F8DC9 /* Products */,
				F4DC60CA9B416DD5A4F38C5B /* Pods */,
				2C4ACB45A76E0F3797AD042B /* Frameworks */,
			);
			sourceTree = "<group>";
		};
		02F557692375D320006F8DC9 /* Products */ = {
			isa = PBXGroup;
			children = (
				02F557682375D320006F8DC9 /* BookSearchLibrary.app */,
			);
			name = Products;
			sourceTree = "<group>";
		};
		02F5576A2375D320006F8DC9 /* BookSearchLibrary */ = {
			isa = PBXGroup;
			children = (
				3F75969D237CA8580037CCA2 /* BookModel+Equatable.swift */,
				3F75969A237CA6350037CCA2 /* Core Data */,
				3F759697237C9F730037CCA2 /* alphabetized-cassette-tapes.ttf */,
				02F5578923764D06006F8DC9 /* ViewModel */,
				02F5578823764CF5006F8DC9 /* Model */,
				02F5578723764CED006F8DC9 /* View */,
				02F5578623764CE3006F8DC9 /* Service */,
				02F5576B2375D320006F8DC9 /* AppDelegate.swift */,
				02F5576D2375D320006F8DC9 /* SceneDelegate.swift */,
				02F5576F2375D320006F8DC9 /* ViewController.swift */,
				02F557712375D320006F8DC9 /* Main.storyboard */,
				02F557772375D323006F8DC9 /* Assets.xcassets */,
				02F557792375D323006F8DC9 /* LaunchScreen.storyboard */,
				02F5577C2375D323006F8DC9 /* Info.plist */,
			);
			path = BookSearchLibrary;
			sourceTree = "<group>";
		};
		02F5578623764CE3006F8DC9 /* Service */ = {
			isa = PBXGroup;
			children = (
				02F5578423763EDE006F8DC9 /* DecodaleNetwork.swift */,
				3FCD1C92237CAB3700ED91A7 /* DecodableNetwork+CoreData.swift */,
				02F5578A23764D2D006F8DC9 /* PictureService.swift */,
			);
			path = Service;
			sourceTree = "<group>";
		};
		02F5578723764CED006F8DC9 /* View */ = {
			isa = PBXGroup;
			children = (
				3F759691237C99C80037CCA2 /* BooksTabBarController.swift */,
				3F759695237C9EA20037CCA2 /* FavouriteBookTableViewCell.swift */,
				02F5578C2376599A006F8DC9 /* BookSearchViewController.swift */,
				02F5578E23765B38006F8DC9 /* BookSearchCollectionViewCell.swift */,
				028F6628237A2C0A00FFEF75 /* FavouriteViewController.swift */,
			);
			path = View;
			sourceTree = "<group>";
		};
		02F5578823764CF5006F8DC9 /* Model */ = {
			isa = PBXGroup;
			children = (
				02F55782237634AD006F8DC9 /* BookModel.swift */,
			);
			path = Model;
			sourceTree = "<group>";
		};
		02F5578923764D06006F8DC9 /* ViewModel */ = {
			isa = PBXGroup;
			children = (
				3F75968F237C97E20037CCA2 /* FavouriteBooksViewModel.swift */,
				02F5579023776AF3006F8DC9 /* BookModelView.swift */,
				3F759693237C9B4A0037CCA2 /* BookUpdateDelegate.swift */,
			);
			path = ViewModel;
			sourceTree = "<group>";
		};
		2C4ACB45A76E0F3797AD042B /* Frameworks */ = {
			isa = PBXGroup;
			children = (
				4272491944F5467654E0CE70 /* Pods_BookSearchLibrary.framework */,
			);
			name = Frameworks;
			sourceTree = "<group>";
		};
		3F75969A237CA6350037CCA2 /* Core Data */ = {
			isa = PBXGroup;
			children = (
				3F7596C0237CAA620037CCA2 /* CoreData+Decodable.swift */,
				3F75969F237CA8A40037CCA2 /* NSManagedObjectSubclasses */,
				02F557742375D320006F8DC9 /* BookSearchLibrary.xcdatamodeld */,
				3F75969B237CA66E0037CCA2 /* CoreDataManager.swift */,
			);
			path = "Core Data";
			sourceTree = "<group>";
		};
		3F75969F237CA8A40037CCA2 /* NSManagedObjectSubclasses */ = {
			isa = PBXGroup;
			children = (
				3F7596B3237CA8F70037CCA2 /* BookModelResponse+CoreDataClass.swift */,
				3F7596B2237CA8F70037CCA2 /* BookModelResponse+CoreDataProperties.swift */,
				3F7596B1237CA8F70037CCA2 /* BookModel+CoreDataClass.swift */,
				3F7596B6237CA8F70037CCA2 /* BookModel+CoreDataProperties.swift */,
				3F7596B5237CA8F70037CCA2 /* VolumeInfo+CoreDataClass.swift */,
				3F7596B7237CA8F70037CCA2 /* VolumeInfo+CoreDataProperties.swift */,
				3F7596B0237CA8F70037CCA2 /* ImageLinks+CoreDataClass.swift */,
				3F7596B4237CA8F70037CCA2 /* ImageLinks+CoreDataProperties.swift */,
			);
			path = NSManagedObjectSubclasses;
			sourceTree = "<group>";
		};
		F4DC60CA9B416DD5A4F38C5B /* Pods */ = {
			isa = PBXGroup;
			children = (
				6308A5E2B247AFA4873E5893 /* Pods-BookSearchLibrary.debug.xcconfig */,
				C0406BADAE554BCCB3E08D3D /* Pods-BookSearchLibrary.release.xcconfig */,
			);
			path = Pods;
			sourceTree = "<group>";
		};
/* End PBXGroup section */

/* Begin PBXNativeTarget section */
		02F557672375D320006F8DC9 /* BookSearchLibrary */ = {
			isa = PBXNativeTarget;
			buildConfigurationList = 02F5577F2375D323006F8DC9 /* Build configuration list for PBXNativeTarget "BookSearchLibrary" */;
			buildPhases = (
				38F115AA69787749C8095324 /* [CP] Check Pods Manifest.lock */,
				02F557642375D320006F8DC9 /* Sources */,
				02F557652375D320006F8DC9 /* Frameworks */,
				02F557662375D320006F8DC9 /* Resources */,
				AC346B71E5827433572DE9FD /* [CP] Embed Pods Frameworks */,
			);
			buildRules = (
			);
			dependencies = (
			);
			name = BookSearchLibrary;
			productName = BookSearchLibrary;
			productReference = 02F557682375D320006F8DC9 /* BookSearchLibrary.app */;
			productType = "com.apple.product-type.application";
		};
/* End PBXNativeTarget section */

/* Begin PBXProject section */
		02F557602375D320006F8DC9 /* Project object */ = {
			isa = PBXProject;
			attributes = {
				LastSwiftUpdateCheck = 1110;
				LastUpgradeCheck = 1110;
				ORGANIZATIONNAME = Consultant;
				TargetAttributes = {
					02F557672375D320006F8DC9 = {
						CreatedOnToolsVersion = 11.1;
					};
				};
			};
			buildConfigurationList = 02F557632375D320006F8DC9 /* Build configuration list for PBXProject "BookSearchLibrary" */;
			compatibilityVersion = "Xcode 9.3";
			developmentRegion = en;
			hasScannedForEncodings = 0;
			knownRegions = (
				en,
				Base,
			);
			mainGroup = 02F5575F2375D320006F8DC9;
			productRefGroup = 02F557692375D320006F8DC9 /* Products */;
			projectDirPath = "";
			projectRoot = "";
			targets = (
				02F557672375D320006F8DC9 /* BookSearchLibrary */,
			);
		};
/* End PBXProject section */

/* Begin PBXResourcesBuildPhase section */
		02F557662375D320006F8DC9 /* Resources */ = {
			isa = PBXResourcesBuildPhase;
			buildActionMask = 2147483647;
			files = (
				02F5577B2375D323006F8DC9 /* LaunchScreen.storyboard in Resources */,
				02F557782375D323006F8DC9 /* Assets.xcassets in Resources */,
				02F557732375D320006F8DC9 /* Main.storyboard in Resources */,
				3F759699237CA1340037CCA2 /* alphabetized-cassette-tapes.ttf in Resources */,
			);
			runOnlyForDeploymentPostprocessing = 0;
		};
/* End PBXResourcesBuildPhase section */

/* Begin PBXShellScriptBuildPhase section */
		38F115AA69787749C8095324 /* [CP] Check Pods Manifest.lock */ = {
			isa = PBXShellScriptBuildPhase;
			buildActionMask = 2147483647;
			files = (
			);
			inputFileListPaths = (
			);
			inputPaths = (
				"${PODS_PODFILE_DIR_PATH}/Podfile.lock",
				"${PODS_ROOT}/Manifest.lock",
			);
			name = "[CP] Check Pods Manifest.lock";
			outputFileListPaths = (
			);
			outputPaths = (
				"$(DERIVED_FILE_DIR)/Pods-BookSearchLibrary-checkManifestLockResult.txt",
			);
			runOnlyForDeploymentPostprocessing = 0;
			shellPath = /bin/sh;
			shellScript = "diff \"${PODS_PODFILE_DIR_PATH}/Podfile.lock\" \"${PODS_ROOT}/Manifest.lock\" > /dev/null\nif [ $? != 0 ] ; then\n    # print error to STDERR\n    echo \"error: The sandbox is not in sync with the Podfile.lock. Run 'pod install' or update your CocoaPods installation.\" >&2\n    exit 1\nfi\n# This output is used by Xcode 'outputs' to avoid re-running this script phase.\necho \"SUCCESS\" > \"${SCRIPT_OUTPUT_FILE_0}\"\n";
			showEnvVarsInLog = 0;
		};
		AC346B71E5827433572DE9FD /* [CP] Embed Pods Frameworks */ = {
			isa = PBXShellScriptBuildPhase;
			buildActionMask = 2147483647;
			files = (
			);
			inputFileListPaths = (
				"${PODS_ROOT}/Target Support Files/Pods-BookSearchLibrary/Pods-BookSearchLibrary-frameworks-${CONFIGURATION}-input-files.xcfilelist",
			);
			name = "[CP] Embed Pods Frameworks";
			outputFileListPaths = (
				"${PODS_ROOT}/Target Support Files/Pods-BookSearchLibrary/Pods-BookSearchLibrary-frameworks-${CONFIGURATION}-output-files.xcfilelist",
			);
			runOnlyForDeploymentPostprocessing = 0;
			shellPath = /bin/sh;
			shellScript = "\"${PODS_ROOT}/Target Support Files/Pods-BookSearchLibrary/Pods-BookSearchLibrary-frameworks.sh\"\n";
			showEnvVarsInLog = 0;
		};
/* End PBXShellScriptBuildPhase section */

/* Begin PBXSourcesBuildPhase section */
		02F557642375D320006F8DC9 /* Sources */ = {
			isa = PBXSourcesBuildPhase;
			buildActionMask = 2147483647;
			files = (
				02F5578D2376599A006F8DC9 /* BookSearchViewController.swift in Sources */,
				028F6629237A2C0A00FFEF75 /* FavouriteViewController.swift in Sources */,
				02F5578523763EDE006F8DC9 /* DecodaleNetwork.swift in Sources */,
				3F7596BE237CA8F70037CCA2 /* BookModel+CoreDataProperties.swift in Sources */,
				02F5579123776AF3006F8DC9 /* BookModelView.swift in Sources */,
				3F75969E237CA8580037CCA2 /* BookModel+Equatable.swift in Sources */,
				02F5578B23764D2D006F8DC9 /* PictureService.swift in Sources */,
				02F5578F23765B38006F8DC9 /* BookSearchCollectionViewCell.swift in Sources */,
				3F7596BB237CA8F70037CCA2 /* BookModelResponse+CoreDataClass.swift in Sources */,
				3FCD1C93237CAB3700ED91A7 /* DecodableNetwork+CoreData.swift in Sources */,
				3F759696237C9EA20037CCA2 /* FavouriteBookTableViewCell.swift in Sources */,
				3F7596BD237CA8F70037CCA2 /* VolumeInfo+CoreDataClass.swift in Sources */,
				3F7596C1237CAA620037CCA2 /* CoreData+Decodable.swift in Sources */,
				3F759690237C97E20037CCA2 /* FavouriteBooksViewModel.swift in Sources */,
				3F7596B8237CA8F70037CCA2 /* ImageLinks+CoreDataClass.swift in Sources */,
				3F7596BF237CA8F70037CCA2 /* VolumeInfo+CoreDataProperties.swift in Sources */,
				3F759694237C9B4A0037CCA2 /* BookUpdateDelegate.swift in Sources */,
				3F7596BC237CA8F70037CCA2 /* ImageLinks+CoreDataProperties.swift in Sources */,
				3F759692237C99C80037CCA2 /* BooksTabBarController.swift in Sources */,
				3F7596B9237CA8F70037CCA2 /* BookModel+CoreDataClass.swift in Sources */,
				02F557762375D320006F8DC9 /* BookSearchLibrary.xcdatamodeld in Sources */,
				02F557702375D320006F8DC9 /* ViewController.swift in Sources */,
				02F5576C2375D320006F8DC9 /* AppDelegate.swift in Sources */,
				3F75969C237CA66E0037CCA2 /* CoreDataManager.swift in Sources */,
				3F7596BA237CA8F70037CCA2 /* BookModelResponse+CoreDataProperties.swift in Sources */,
				02F5576E2375D320006F8DC9 /* SceneDelegate.swift in Sources */,
			);
			runOnlyForDeploymentPostprocessing = 0;
		};
/* End PBXSourcesBuildPhase section */

/* Begin PBXVariantGroup section */
		02F557712375D320006F8DC9 /* Main.storyboard */ = {
			isa = PBXVariantGroup;
			children = (
				02F557722375D320006F8DC9 /* Base */,
			);
			name = Main.storyboard;
			sourceTree = "<group>";
		};
		02F557792375D323006F8DC9 /* LaunchScreen.storyboard */ = {
			isa = PBXVariantGroup;
			children = (
				02F5577A2375D323006F8DC9 /* Base */,
			);
			name = LaunchScreen.storyboard;
			sourceTree = "<group>";
		};
/* End PBXVariantGroup section */

/* Begin XCBuildConfiguration section */
		02F5577D2375D323006F8DC9 /* Debug */ = {
			isa = XCBuildConfiguration;
			buildSettings = {
				ALWAYS_SEARCH_USER_PATHS = NO;
				CLANG_ANALYZER_NONNULL = YES;
				CLANG_ANALYZER_NUMBER_OBJECT_CONVERSION = YES_AGGRESSIVE;
				CLANG_CXX_LANGUAGE_STANDARD = "gnu++14";
				CLANG_CXX_LIBRARY = "libc++";
				CLANG_ENABLE_MODULES = YES;
				CLANG_ENABLE_OBJC_ARC = YES;
				CLANG_ENABLE_OBJC_WEAK = YES;
				CLANG_WARN_BLOCK_CAPTURE_AUTORELEASING = YES;
				CLANG_WARN_BOOL_CONVERSION = YES;
				CLANG_WARN_COMMA = YES;
				CLANG_WARN_CONSTANT_CONVERSION = YES;
				CLANG_WARN_DEPRECATED_OBJC_IMPLEMENTATIONS = YES;
				CLANG_WARN_DIRECT_OBJC_ISA_USAGE = YES_ERROR;
				CLANG_WARN_DOCUMENTATION_COMMENTS = YES;
				CLANG_WARN_EMPTY_BODY = YES;
				CLANG_WARN_ENUM_CONVERSION = YES;
				CLANG_WARN_INFINITE_RECURSION = YES;
				CLANG_WARN_INT_CONVERSION = YES;
				CLANG_WARN_NON_LITERAL_NULL_CONVERSION = YES;
				CLANG_WARN_OBJC_IMPLICIT_RETAIN_SELF = YES;
				CLANG_WARN_OBJC_LITERAL_CONVERSION = YES;
				CLANG_WARN_OBJC_ROOT_CLASS = YES_ERROR;
				CLANG_WARN_RANGE_LOOP_ANALYSIS = YES;
				CLANG_WARN_STRICT_PROTOTYPES = YES;
				CLANG_WARN_SUSPICIOUS_MOVE = YES;
				CLANG_WARN_UNGUARDED_AVAILABILITY = YES_AGGRESSIVE;
				CLANG_WARN_UNREACHABLE_CODE = YES;
				CLANG_WARN__DUPLICATE_METHOD_MATCH = YES;
				COPY_PHASE_STRIP = NO;
				DEBUG_INFORMATION_FORMAT = dwarf;
				ENABLE_STRICT_OBJC_MSGSEND = YES;
				ENABLE_TESTABILITY = YES;
				GCC_C_LANGUAGE_STANDARD = gnu11;
				GCC_DYNAMIC_NO_PIC = NO;
				GCC_NO_COMMON_BLOCKS = YES;
				GCC_OPTIMIZATION_LEVEL = 0;
				GCC_PREPROCESSOR_DEFINITIONS = (
					"DEBUG=1",
					"$(inherited)",
				);
				GCC_WARN_64_TO_32_BIT_CONVERSION = YES;
				GCC_WARN_ABOUT_RETURN_TYPE = YES_ERROR;
				GCC_WARN_UNDECLARED_SELECTOR = YES;
				GCC_WARN_UNINITIALIZED_AUTOS = YES_AGGRESSIVE;
				GCC_WARN_UNUSED_FUNCTION = YES;
				GCC_WARN_UNUSED_VARIABLE = YES;
				IPHONEOS_DEPLOYMENT_TARGET = 13.1;
				MTL_ENABLE_DEBUG_INFO = INCLUDE_SOURCE;
				MTL_FAST_MATH = YES;
				ONLY_ACTIVE_ARCH = YES;
				SDKROOT = iphoneos;
				SWIFT_ACTIVE_COMPILATION_CONDITIONS = DEBUG;
				SWIFT_OPTIMIZATION_LEVEL = "-Onone";
			};
			name = Debug;
		};
		02F5577E2375D323006F8DC9 /* Release */ = {
			isa = XCBuildConfiguration;
			buildSettings = {
				ALWAYS_SEARCH_USER_PATHS = NO;
				CLANG_ANALYZER_NONNULL = YES;
				CLANG_ANALYZER_NUMBER_OBJECT_CONVERSION = YES_AGGRESSIVE;
				CLANG_CXX_LANGUAGE_STANDARD = "gnu++14";
				CLANG_CXX_LIBRARY = "libc++";
				CLANG_ENABLE_MODULES = YES;
				CLANG_ENABLE_OBJC_ARC = YES;
				CLANG_ENABLE_OBJC_WEAK = YES;
				CLANG_WARN_BLOCK_CAPTURE_AUTORELEASING = YES;
				CLANG_WARN_BOOL_CONVERSION = YES;
				CLANG_WARN_COMMA = YES;
				CLANG_WARN_CONSTANT_CONVERSION = YES;
				CLANG_WARN_DEPRECATED_OBJC_IMPLEMENTATIONS = YES;
				CLANG_WARN_DIRECT_OBJC_ISA_USAGE = YES_ERROR;
				CLANG_WARN_DOCUMENTATION_COMMENTS = YES;
				CLANG_WARN_EMPTY_BODY = YES;
				CLANG_WARN_ENUM_CONVERSION = YES;
				CLANG_WARN_INFINITE_RECURSION = YES;
				CLANG_WARN_INT_CONVERSION = YES;
				CLANG_WARN_NON_LITERAL_NULL_CONVERSION = YES;
				CLANG_WARN_OBJC_IMPLICIT_RETAIN_SELF = YES;
				CLANG_WARN_OBJC_LITERAL_CONVERSION = YES;
				CLANG_WARN_OBJC_ROOT_CLASS = YES_ERROR;
				CLANG_WARN_RANGE_LOOP_ANALYSIS = YES;
				CLANG_WARN_STRICT_PROTOTYPES = YES;
				CLANG_WARN_SUSPICIOUS_MOVE = YES;
				CLANG_WARN_UNGUARDED_AVAILABILITY = YES_AGGRESSIVE;
				CLANG_WARN_UNREACHABLE_CODE = YES;
				CLANG_WARN__DUPLICATE_METHOD_MATCH = YES;
				COPY_PHASE_STRIP = NO;
				DEBUG_INFORMATION_FORMAT = "dwarf-with-dsym";
				ENABLE_NS_ASSERTIONS = NO;
				ENABLE_STRICT_OBJC_MSGSEND = YES;
				GCC_C_LANGUAGE_STANDARD = gnu11;
				GCC_NO_COMMON_BLOCKS = YES;
				GCC_WARN_64_TO_32_BIT_CONVERSION = YES;
				GCC_WARN_ABOUT_RETURN_TYPE = YES_ERROR;
				GCC_WARN_UNDECLARED_SELECTOR = YES;
				GCC_WARN_UNINITIALIZED_AUTOS = YES_AGGRESSIVE;
				GCC_WARN_UNUSED_FUNCTION = YES;
				GCC_WARN_UNUSED_VARIABLE = YES;
				IPHONEOS_DEPLOYMENT_TARGET = 13.1;
				MTL_ENABLE_DEBUG_INFO = NO;
				MTL_FAST_MATH = YES;
				SDKROOT = iphoneos;
				SWIFT_COMPILATION_MODE = wholemodule;
				SWIFT_OPTIMIZATION_LEVEL = "-O";
				VALIDATE_PRODUCT = YES;
			};
			name = Release;
		};
		02F557802375D323006F8DC9 /* Debug */ = {
			isa = XCBuildConfiguration;
			baseConfigurationReference = 6308A5E2B247AFA4873E5893 /* Pods-BookSearchLibrary.debug.xcconfig */;
			buildSettings = {
				ASSETCATALOG_COMPILER_APPICON_NAME = AppIcon;
				CODE_SIGN_STYLE = Automatic;
				INFOPLIST_FILE = BookSearchLibrary/Info.plist;
				IPHONEOS_DEPLOYMENT_TARGET = 13.0;
				LD_RUNPATH_SEARCH_PATHS = (
					"$(inherited)",
					"@executable_path/Frameworks",
				);
				PRODUCT_BUNDLE_IDENTIFIER = demoproject.BookSearchLibrary;
				PRODUCT_NAME = "$(TARGET_NAME)";
				SWIFT_VERSION = 5.0;
				TARGETED_DEVICE_FAMILY = "1,2";
			};
			name = Debug;
		};
		02F557812375D323006F8DC9 /* Release */ = {
			isa = XCBuildConfiguration;
			baseConfigurationReference = C0406BADAE554BCCB3E08D3D /* Pods-BookSearchLibrary.release.xcconfig */;
			buildSettings = {
				ASSETCATALOG_COMPILER_APPICON_NAME = AppIcon;
				CODE_SIGN_STYLE = Automatic;
				INFOPLIST_FILE = BookSearchLibrary/Info.plist;
				IPHONEOS_DEPLOYMENT_TARGET = 13.0;
				LD_RUNPATH_SEARCH_PATHS = (
					"$(inherited)",
					"@executable_path/Frameworks",
				);
				PRODUCT_BUNDLE_IDENTIFIER = demoproject.BookSearchLibrary;
				PRODUCT_NAME = "$(TARGET_NAME)";
				SWIFT_VERSION = 5.0;
				TARGETED_DEVICE_FAMILY = "1,2";
			};
			name = Release;
		};
/* End XCBuildConfiguration section */

/* Begin XCConfigurationList section */
		02F557632375D320006F8DC9 /* Build configuration list for PBXProject "BookSearchLibrary" */ = {
			isa = XCConfigurationList;
			buildConfigurations = (
				02F5577D2375D323006F8DC9 /* Debug */,
				02F5577E2375D323006F8DC9 /* Release */,
			);
			defaultConfigurationIsVisible = 0;
			defaultConfigurationName = Release;
		};
		02F5577F2375D323006F8DC9 /* Build configuration list for PBXNativeTarget "BookSearchLibrary" */ = {
			isa = XCConfigurationList;
			buildConfigurations = (
				02F557802375D323006F8DC9 /* Debug */,
				02F557812375D323006F8DC9 /* Release */,
			);
			defaultConfigurationIsVisible = 0;
			defaultConfigurationName = Release;
		};
/* End XCConfigurationList section */

/* Begin XCVersionGroup section */
		02F557742375D320006F8DC9 /* BookSearchLibrary.xcdatamodeld */ = {
			isa = XCVersionGroup;
			children = (
				02F557752375D320006F8DC9 /* BookSearchLibrary.xcdatamodel */,
			);
			currentVersion = 02F557752375D320006F8DC9 /* BookSearchLibrary.xcdatamodel */;
			path = BookSearchLibrary.xcdatamodeld;
			sourceTree = "<group>";
			versionGroupType = wrapper.xcdatamodel;
		};
/* End XCVersionGroup section */
	};
	rootObject = 02F557602375D320006F8DC9 /* Project object */;
}
